
Microsoft Visual Studio Solution File, Format Version 12.00
# Visual Studio Version 16
VisualStudioVersion = 16.0.29215.179
MinimumVisualStudioVersion = 10.0.40219.1
Project("{FAE04EC0-301F-11D3-BF4B-00C04F79EFBC}") = "AutoIFrameSwitcher", "breakpoint.guru\AutoIFrameSwitcher.csproj", "{E037EF63-220D-47F9-AE88-7294E327A9EB}"
EndProject
Project("{FAE04EC0-301F-11D3-BF4B-00C04F79EFBC}") = "AutoIFrameSwitcher.Tests", "AutoIFrameSwitcher.Tests\AutoIFrameSwitcher.Tests.csproj", "{D36F82A6-5FEF-4C80-A99D-CAE403D1BFA9}"
	ProjectSection(ProjectDependencies) = postProject
		{E037EF63-220D-47F9-AE88-7294E327A9EB} = {E037EF63-220D-47F9-AE88-7294E327A9EB}
	EndProjectSection
EndProject
Global
	GlobalSection(SolutionConfigurationPlatforms) = preSolution
		Debug|Any CPU = Debug|Any CPU
		Release|Any CPU = Release|Any CPU
	EndGlobalSection
	GlobalSection(ProjectConfigurationPlatforms) = postSolution
		{E037EF63-220D-47F9-AE88-7294E327A9EB}.Debug|Any CPU.ActiveCfg = Debug|Any CPU
		{E037EF63-220D-47F9-AE88-7294E327A9EB}.Debug|Any CPU.Build.0 = Debug|Any CPU
		{E037EF63-220D-47F9-AE88-7294E327A9EB}.Release|Any CPU.ActiveCfg = Release|Any CPU
		{E037EF63-220D-47F9-AE88-7294E327A9EB}.Release|Any CPU.Build.0 = Release|Any CPU
		{D36F82A6-5FEF-4C80-A99D-CAE403D1BFA9}.Debug|Any CPU.ActiveCfg = Debug|Any CPU
		{D36F82A6-5FEF-4C80-A99D-CAE403D1BFA9}.Debug|Any CPU.Build.0 = Debug|Any CPU
		{D36F82A6-5FEF-4C80-A99D-CAE403D1BFA9}.Release|Any CPU.ActiveCfg = Release|Any CPU
		{D36F82A6-5FEF-4C80-A99D-CAE403D1BFA9}.Release|Any CPU.Build.0 = Release|Any CPU
	EndGlobalSection
	GlobalSection(SolutionProperties) = preSolution
		HideSolutionNode = FALSE
	EndGlobalSection
	GlobalSection(ExtensibilityGlobals) = postSolution
		SolutionGuid = {B2067FAA-352C-4889-A7FB-71AD0B6F4D52}
	EndGlobalSection
EndGlobal
